
Microsoft Visual Studio Solution File, Format Version 12.00
# Visual Studio 15
VisualStudioVersion = 15.0.27703.2035
MinimumVisualStudioVersion = 10.0.40219.1
Project("{9A19103F-16F7-4668-BE54-9A1E7A4F7556}") = "media_functions_for_logic_app", "media_functions_for_logic_app.csproj", "{93222A7F-FBD8-40AB-A64F-EE655E8FA1E5}"
EndProject
Global
	GlobalSection(SolutionConfigurationPlatforms) = preSolution
		Debug|Any CPU = Debug|Any CPU
		Release|Any CPU = Release|Any CPU
	EndGlobalSection
	GlobalSection(ProjectConfigurationPlatforms) = postSolution
		{93222A7F-FBD8-40AB-A64F-EE655E8FA1E5}.Debug|Any CPU.ActiveCfg = Debug|Any CPU
		{93222A7F-FBD8-40AB-A64F-EE655E8FA1E5}.Debug|Any CPU.Build.0 = Debug|Any CPU
		{93222A7F-FBD8-40AB-A64F-EE655E8FA1E5}.Release|Any CPU.ActiveCfg = Release|Any CPU
		{93222A7F-FBD8-40AB-A64F-EE655E8FA1E5}.Release|Any CPU.Build.0 = Release|Any CPU
	EndGlobalSection
	GlobalSection(SolutionProperties) = preSolution
		HideSolutionNode = FALSE
	EndGlobalSection
	GlobalSection(ExtensibilityGlobals) = postSolution
		SolutionGuid = {85ABC2A1-133A-4D0D-B3DC-44BE00807355}
	EndGlobalSection
EndGlobal
